
Microsoft Visual Studio Solution File, Format Version 12.00
# Visual Studio Version 16
VisualStudioVersion = 16.0.30114.105
MinimumVisualStudioVersion = 10.0.40219.1
Project("{FAE04EC0-301F-11D3-BF4B-00C04F79EFBC}") = "entrega3", "entrega3\entrega3.csproj", "{D451DC08-F2D0-418E-AF46-F6BAD4D97BBF}"
EndProject
Global
	GlobalSection(SolutionConfigurationPlatforms) = preSolution
		Debug|Any CPU = Debug|Any CPU
		Release|Any CPU = Release|Any CPU
	EndGlobalSection
	GlobalSection(ProjectConfigurationPlatforms) = postSolution
		{D451DC08-F2D0-418E-AF46-F6BAD4D97BBF}.Debug|Any CPU.ActiveCfg = Debug|Any CPU
		{D451DC08-F2D0-418E-AF46-F6BAD4D97BBF}.Debug|Any CPU.Build.0 = Debug|Any CPU
		{D451DC08-F2D0-418E-AF46-F6BAD4D97BBF}.Release|Any CPU.ActiveCfg = Release|Any CPU
		{D451DC08-F2D0-418E-AF46-F6BAD4D97BBF}.Release|Any CPU.Build.0 = Release|Any CPU
	EndGlobalSection
	GlobalSection(SolutionProperties) = preSolution
		HideSolutionNode = FALSE
	EndGlobalSection
	GlobalSection(ExtensibilityGlobals) = postSolution
		SolutionGuid = {50A426FA-D1E5-4C11-8D7A-1529306A5378}
	EndGlobalSection
EndGlobal
